
Microsoft Visual Studio Solution File, Format Version 12.00
# Visual Studio 2013
VisualStudioVersion = 12.0.31101.0
MinimumVisualStudioVersion = 10.0.40219.1
Project("{FAE04EC0-301F-11D3-BF4B-00C04F79EFBC}") = "WalkaChomika", "WalkaChomika\WalkaChomika.csproj", "{6DBC7483-A395-4721-89B1-C9320DBB808F}"
EndProject
Project("{FAE04EC0-301F-11D3-BF4B-00C04F79EFBC}") = "Ktos.Common", "Ktos.Common\Ktos.Common.csproj", "{F9E9F5AB-6675-472D-B6CB-7B5DAAD88A32}"
EndProject
Global
	GlobalSection(SolutionConfigurationPlatforms) = preSolution
		Debug|Any CPU = Debug|Any CPU
		Release|Any CPU = Release|Any CPU
	EndGlobalSection
	GlobalSection(ProjectConfigurationPlatforms) = postSolution
		{6DBC7483-A395-4721-89B1-C9320DBB808F}.Debug|Any CPU.ActiveCfg = Debug|Any CPU
		{6DBC7483-A395-4721-89B1-C9320DBB808F}.Debug|Any CPU.Build.0 = Debug|Any CPU
		{6DBC7483-A395-4721-89B1-C9320DBB808F}.Release|Any CPU.ActiveCfg = Release|Any CPU
		{6DBC7483-A395-4721-89B1-C9320DBB808F}.Release|Any CPU.Build.0 = Release|Any CPU
		{F9E9F5AB-6675-472D-B6CB-7B5DAAD88A32}.Debug|Any CPU.ActiveCfg = Debug|Any CPU
		{F9E9F5AB-6675-472D-B6CB-7B5DAAD88A32}.Debug|Any CPU.Build.0 = Debug|Any CPU
		{F9E9F5AB-6675-472D-B6CB-7B5DAAD88A32}.Release|Any CPU.ActiveCfg = Release|Any CPU
		{F9E9F5AB-6675-472D-B6CB-7B5DAAD88A32}.Release|Any CPU.Build.0 = Release|Any CPU
	EndGlobalSection
	GlobalSection(SolutionProperties) = preSolution
		HideSolutionNode = FALSE
	EndGlobalSection
EndGlobal
